hash: 255705a41f727754c9def114c04e0b96c0e7f5c8f712c6c4faa9d7ce654a46cf
updated: 2018-12-11T19:01:38.374966+08:00
imports:
- name: github.com/go-sql-driver/mysql
  version: 72cd26f257d44c1114970e19afddcd812016007e
- name: github.com/jinzhu/gorm
  version: 472c70caa40267cb89fd8facb07fe6454b578626
- name: github.com/jinzhu/inflection
  version: 04140366298a54a039076d798123ffa108fff46c
- name: github.com/tinystack/golog
  version: 3692ebca708fe99f2a0f4cdb3424ab6888e84b07
- name: github.com/tinystack/goutil
  version: 120e04ad49202f3e375134ae404cd4dc2562c076
- name: github.com/tinystack/govalidate
  version: facba342b173d3eec0673cbdf98bed505bece173
- name: github.com/tinystack/goweb
  version: ea0a0009b1f238023d47ecfa30fe226e624a1338
- name: google.golang.org/appengine
  version: a37df1387b4521194676d88c79230c613610d5f4
  subpackages:
  - cloudsql
testImports: []
