hash: 6ba6d990096d162a20230855c8d635fa081444f6245189ddc3d0a2aacc470af5
updated: 2019-01-09T17:20:32.023761+08:00
imports:
- name: github.com/go-sql-driver/mysql
  version: 72cd26f257d44c1114970e19afddcd812016007e
- name: github.com/jinzhu/gorm
  version: 472c70caa40267cb89fd8facb07fe6454b578626
- name: github.com/jinzhu/inflection
  version: 04140366298a54a039076d798123ffa108fff46c
- name: github.com/tinystack/gocmd
  version: 58ee6f95df7522eb17ca5fc4b7b3b4f92934ecec
- name: github.com/tinystack/golog
  version: e27b639158fdc265ff8efbec5bc7a3bc097a546a
- name: github.com/tinystack/goutil
  version: b22470ba92798f329e979297740357e21b2eabf8
  subpackages:
  - goaes
  - gois
  - gopath
  - goslice
  - gostring
- name: github.com/tinystack/govalidate
  version: 00fad4be752bf4c27dfda35764ff2614fa8b288e
- name: github.com/tinystack/goweb
  version: ed2b5e75e6799c7cd97ff36ffde3a24636632116
- name: github.com/Unknwon/goconfig
  version: 56bd8ab186196b5203e3b8e17057a04a65153003
- name: google.golang.org/appengine
  version: e9657d882bb81064595ca3b56cbe2546bbabf7b1
  subpackages:
  - cloudsql
- name: gopkg.in/alexcesaro/quotedprintable.v3
  version: 2caba252f4dc53eaf6b553000885530023f54623
- name: gopkg.in/gomail.v2
  version: 41f3572897373c5538c50a2402db15db079fa4fd
testImports: []
