github.com/Unknwon/goconfig v0.0.0-20181105214110-56bd8ab18619 h1:6X8iB881g299aNEv6KXrcjL31iLOH7yA6NXoQX+MbDg=
github.com/Unknwon/goconfig v0.0.0-20181105214110-56bd8ab18619/go.mod h1:wngxua9XCNjvHjDiTiV26DaKDT+0c63QR6H5hjVUUxw=
github.com/denisenkom/go-mssqldb v0.0.0-20190111225525-2fea367d496d h1:M0bjbJ5PZPl4iKkt0FSvhfSCJI9NisDDda29jXN9i0c=
github.com/denisenkom/go-mssqldb v0.0.0-20190111225525-2fea367d496d/go.mod h1:xN/JuLBIz4bjkxNmByTiV1IbhfnYb6oo99phBn4Eqhc=
github.com/erikstmartin/go-testdb v0.0.0-20160219214506-8d10e4a1bae5 h1:Yzb9+7DPaBjB8zlTR87/ElzFsnQfuHnVUVqpZZIcV5Y=
github.com/erikstmartin/go-testdb v0.0.0-20160219214506-8d10e4a1bae5/go.mod h1:a2zkGnVExMxdzMo3M0Hi/3sEU+cWnZpSni0O6/Yb/P0=
github.com/go-sql-driver/mysql v1.4.1 h1:g24URVg0OFbNUTx9qqY1IRZ9D9z3iPyi5zKhQZpNwpA=
github.com/go-sql-driver/mysql v1.4.1/go.mod h1:zAC/RDZ24gD3HViQzih4MyKcchzm+sOG5ZlKdlhCg5w=
github.com/gofrs/uuid v3.2.0+incompatible h1:y12jRkkFxsd7GpqdSZ+/KCs/fJbqpEXSGd4+jfEaewE=
github.com/gofrs/uuid v3.2.0+incompatible/go.mod h1:b2aQJv3Z4Fp6yNu3cdSllBxTCLRxnplIgP/c0N/04lM=
github.com/gopherjs/gopherjs v0.0.0-20181103185306-d547d1d9531e h1:JKmoR8x90Iww1ks85zJ1lfDGgIiMDuIptTOhJq+zKyg=
github.com/gopherjs/gopherjs v0.0.0-20181103185306-d547d1d9531e/go.mod h1:wJfORRmW1u3UXTncJ5qlYoELFm8eSnnEO6hX4iZ3EWY=
github.com/jinzhu/gorm v1.9.2 h1:lCvgEaqe/HVE+tjAR2mt4HbbHAZsQOv3XAZiEZV37iw=
github.com/jinzhu/gorm v1.9.2/go.mod h1:Vla75njaFJ8clLU1W44h34PjIkijhjHIYnZxMqCdxqo=
github.com/jinzhu/inflection v0.0.0-20180308033659-04140366298a h1:eeaG9XMUvRBYXJi4pg1ZKM7nxc5AfXfojeLLW7O5J3k=
github.com/jinzhu/inflection v0.0.0-20180308033659-04140366298a/go.mod h1:h+uFLlag+Qp1Va5pdKtLDYj+kHp5pxUVkryuEj+Srlc=
github.com/jinzhu/now v0.0.0-20181116074157-8ec929ed50c3 h1:xvj06l8iSwiWpYgm8MbPp+naBg+pwfqmdXabzqPCn/8=
github.com/jinzhu/now v0.0.0-20181116074157-8ec929ed50c3/go.mod h1:oHTiXerJ20+SfYcrdlBO7rzZRJWGwSTQ0iUY2jI6Gfc=
github.com/jtolds/gls v4.2.1+incompatible h1:fSuqC+Gmlu6l/ZYAoZzx2pyucC8Xza35fpRVWLVmUEE=
github.com/jtolds/gls v4.2.1+incompatible/go.mod h1:QJZ7F/aHp+rZTRtaJ1ow/lLfFfVYBRgL+9YlvaHOwJU=
github.com/lib/pq v1.0.0 h1:X5PMW56eZitiTeO7tKzZxFCSpbFZJtkMMooicw2us9A=
github.com/lib/pq v1.0.0/go.mod h1:5WUZQaWbwv1U+lTReE5YruASi9Al49XbQIvNi/34Woo=
github.com/mattn/go-sqlite3 v1.10.0 h1:jbhqpg7tQe4SupckyijYiy0mJJ/pRyHvXf7JdWK860o=
github.com/mattn/go-sqlite3 v1.10.0/go.mod h1:FPy6KqzDD04eiIsT53CuJW3U88zkxoIYsOqkbpncsNc=
github.com/smartystreets/assertions v0.0.0-20180927180507-b2de0cb4f26d h1:zE9ykElWQ6/NYmHa3jpm/yHnI4xSofP+UP6SpjHcSeM=
github.com/smartystreets/assertions v0.0.0-20180927180507-b2de0cb4f26d/go.mod h1:OnSkiWE9lh6wB0YB77sQom3nweQdgAjqCqsofrRNTgc=
github.com/smartystreets/goconvey v0.0.0-20181108003508-044398e4856c h1:Ho+uVpkel/udgjbwB5Lktg9BtvJSh2DT0Hi6LPSyI2w=
github.com/smartystreets/goconvey v0.0.0-20181108003508-044398e4856c/go.mod h1:XDJAKZRPZ1CvBcN2aX5YOUTYGHki24fSF0Iv48Ibg0s=
github.com/tinystack/gocmd v0.0.0-20181226145230-58ee6f95df75 h1:6dEuySxVQNZq7GqyxbNnnKqqS2PydgPs8bohMvKoevc=
github.com/tinystack/gocmd v0.0.0-20181226145230-58ee6f95df75/go.mod h1:kVLVIiFYEjB3gp8U+Vo53Wia7Hv4CLX5SAzfRqEnUD0=
github.com/tinystack/golog v0.0.0-20181212152712-e27b639158fd h1:I/N2v5limRN6pHfR07Zo968zny1l36TqyBA+w4NSr80=
github.com/tinystack/golog v0.0.0-20181212152712-e27b639158fd/go.mod h1:pA/PnLZfaE19L4o2e53t7r2BDM68sBV5LzqHpVokSw0=
github.com/tinystack/goutil v0.0.0-20190106143837-b22470ba9279 h1:rxIxbGfb/ibxaOFhYRozw4Yk7H6OsabMjZ1eo3S61jo=
github.com/tinystack/goutil v0.0.0-20190106143837-b22470ba9279/go.mod h1:EfhqgCLM9We6/X6PNGfv/7z8f0a9Uy8d07X3mW6UQ4Y=
github.com/tinystack/govalidate v0.0.0-20181221081242-00fad4be752b h1:IesIFuWi8ToPHu6qX4kAwezPixT81tTymePcmPUGnHo=
github.com/tinystack/govalidate v0.0.0-20181221081242-00fad4be752b/go.mod h1:c4B+Fvx6it+a6p9BtkgoCRnvcJL+KEF5Df5WHTadzD4=
github.com/tinystack/goweb v0.0.0-20190110141010-b0046a7f7dc5 h1:vSymNPBid+AGJ24LZTi4UNGSzoF752/H8J/olSqF6xA=
github.com/tinystack/goweb v0.0.0-20190110141010-b0046a7f7dc5/go.mod h1:jNgqMb2sAGJHRHqw5Xig+1fOTfoPRlpspGN613PZqoY=
gopkg.in/alexcesaro/quotedprintable.v3 v3.0.0-20150716171945-2caba252f4dc h1:2gGKlE2+asNV9m7xrywl36YYNnBG5ZQ0r/BOOxqPpmk=
gopkg.in/alexcesaro/quotedprintable.v3 v3.0.0-20150716171945-2caba252f4dc/go.mod h1:m7x9LTH6d71AHyAX77c9yqWCCa3UKHcVEj9y7hAtKDk=
gopkg.in/gomail.v2 v2.0.0-20160411212932-81ebce5c23df h1:n7WqCuqOuCbNr617RXOY0AWRXxgwEyPp2z+p0+hgMuE=
gopkg.in/gomail.v2 v2.0.0-20160411212932-81ebce5c23df/go.mod h1:LRQQ+SO6ZHR7tOkpBDuZnXENFzX8qRjMDMyPD6BRkCw=
